Microsoft Visual Studio Solution File, Format Version 12.00
# Visual Studio Version 17
VisualStudioVersion = 17.9.34310.174
MinimumVisualStudioVersion = 16.0.0.0
Project("{9A19103F-16F7-4668-BE54-9A1E7A4F7556}") = "Blazor_App_With_Auth.Api", "Server\Blazor_App_With_Auth.Api.csproj", "{AE3D507A-0EB3-41BD-8752-DDE971D49F7E}"
EndProject
Project("{9A19103F-16F7-4668-BE54-9A1E7A4F7556}") = "Blazor_App_With_Auth.Client", "Client\Blazor_App_With_Auth.Client.csproj", "{F14B03F5-9DD2-4AFC-9EA5-983C9AC60A7F}"
EndProject
Project("{9A19103F-16F7-4668-BE54-9A1E7A4F7556}") = "Blazor_App_With_Auth.Shared", "Shared\Blazor_App_With_Auth.Shared.csproj", "{BE89B43D-419F-40B6-B647-0909961FE7D2}"
EndProject
Global
	GlobalSection(SolutionConfigurationPlatforms) = preSolution
		Debug|Any CPU = Debug|Any CPU
		Debug|x64 = Debug|x64
		Debug|x86 = Debug|x86
		Release|Any CPU = Release|Any CPU
		Release|x64 = Release|x64
		Release|x86 = Release|x86
	EndGlobalSection
	GlobalSection(ProjectConfigurationPlatforms) = postSolution
		{AE3D507A-0EB3-41BD-8752-DDE971D49F7E}.Debug|Any CPU.ActiveCfg = Debug|Any CPU
		{AE3D507A-0EB3-41BD-8752-DDE971D49F7E}.Debug|Any CPU.Build.0 = Debug|Any CPU
		{AE3D507A-0EB3-41BD-8752-DDE971D49F7E}.Debug|x64.ActiveCfg = Debug|Any CPU
		{AE3D507A-0EB3-41BD-8752-DDE971D49F7E}.Debug|x64.Build.0 = Debug|Any CPU
		{AE3D507A-0EB3-41BD-8752-DDE971D49F7E}.Debug|x86.ActiveCfg = Debug|Any CPU
		{AE3D507A-0EB3-41BD-8752-DDE971D49F7E}.Debug|x86.Build.0 = Debug|Any CPU
		{AE3D507A-0EB3-41BD-8752-DDE971D49F7E}.Release|Any CPU.ActiveCfg = Release|Any CPU
		{AE3D507A-0EB3-41BD-8752-DDE971D49F7E}.Release|Any CPU.Build.0 = Release|Any CPU
		{AE3D507A-0EB3-41BD-8752-DDE971D49F7E}.Release|x64.ActiveCfg = Release|Any CPU
		{AE3D507A-0EB3-41BD-8752-DDE971D49F7E}.Release|x64.Build.0 = Release|Any CPU
		{AE3D507A-0EB3-41BD-8752-DDE971D49F7E}.Release|x86.ActiveCfg = Release|Any CPU
		{AE3D507A-0EB3-41BD-8752-DDE971D49F7E}.Release|x86.Build.0 = Release|Any CPU
		{F14B03F5-9DD2-4AFC-9EA5-983C9AC60A7F}.Debug|Any CPU.ActiveCfg = Debug|Any CPU
		{F14B03F5-9DD2-4AFC-9EA5-983C9AC60A7F}.Debug|Any CPU.Build.0 = Debug|Any CPU
		{F14B03F5-9DD2-4AFC-9EA5-983C9AC60A7F}.Debug|x64.ActiveCfg = Debug|Any CPU
		{F14B03F5-9DD2-4AFC-9EA5-983C9AC60A7F}.Debug|x64.Build.0 = Debug|Any CPU
		{F14B03F5-9DD2-4AFC-9EA5-983C9AC60A7F}.Debug|x86.ActiveCfg = Debug|Any CPU
		{F14B03F5-9DD2-4AFC-9EA5-983C9AC60A7F}.Debug|x86.Build.0 = Debug|Any CPU
		{F14B03F5-9DD2-4AFC-9EA5-983C9AC60A7F}.Release|Any CPU.ActiveCfg = Release|Any CPU
		{F14B03F5-9DD2-4AFC-9EA5-983C9AC60A7F}.Release|Any CPU.Build.0 = Release|Any CPU
		{F14B03F5-9DD2-4AFC-9EA5-983C9AC60A7F}.Release|x64.ActiveCfg = Release|Any CPU
		{F14B03F5-9DD2-4AFC-9EA5-983C9AC60A7F}.Release|x64.Build.0 = Release|Any CPU
		{F14B03F5-9DD2-4AFC-9EA5-983C9AC60A7F}.Release|x86.ActiveCfg = Release|Any CPU
		{F14B03F5-9DD2-4AFC-9EA5-983C9AC60A7F}.Release|x86.Build.0 = Release|Any CPU
		{BE89B43D-419F-40B6-B647-0909961FE7D2}.Debug|Any CPU.ActiveCfg = Debug|Any CPU
		{BE89B43D-419F-40B6-B647-0909961FE7D2}.Debug|Any CPU.Build.0 = Debug|Any CPU
		{BE89B43D-419F-40B6-B647-0909961FE7D2}.Debug|x64.ActiveCfg = Debug|Any CPU
		{BE89B43D-419F-40B6-B647-0909961FE7D2}.Debug|x64.Build.0 = Debug|Any CPU
		{BE89B43D-419F-40B6-B647-0909961FE7D2}.Debug|x86.ActiveCfg = Debug|Any CPU
		{BE89B43D-419F-40B6-B647-0909961FE7D2}.Debug|x86.Build.0 = Debug|Any CPU
		{BE89B43D-419F-40B6-B647-0909961FE7D2}.Release|Any CPU.ActiveCfg = Release|Any CPU
		{BE89B43D-419F-40B6-B647-0909961FE7D2}.Release|Any CPU.Build.0 = Release|Any CPU
		{BE89B43D-419F-40B6-B647-0909961FE7D2}.Release|x64.ActiveCfg = Release|Any CPU
		{BE89B43D-419F-40B6-B647-0909961FE7D2}.Release|x64.Build.0 = Release|Any CPU
		{BE89B43D-419F-40B6-B647-0909961FE7D2}.Release|x86.ActiveCfg = Release|Any CPU
		{BE89B43D-419F-40B6-B647-0909961FE7D2}.Release|x86.Build.0 = Release|Any CPU
	EndGlobalSection
	GlobalSection(SolutionProperties) = preSolution
		HideSolutionNode = FALSE
	EndGlobalSection
	GlobalSection(ExtensibilityGlobals) = postSolution
		SolutionGuid = {C94131FB-849B-47F1-BA8B-ABEC75C1849D}
	EndGlobalSection
EndGlobal
